// !$*UTF8*$!
{
	archiveVersion = 1;
	classes = {
	};
	objectVersion = 46;
	objects = {

/* Begin PBXBuildFile section */
		402EB5771E755B47007CCCFD /* AppDelegate.swift in Sources */ = {isa = PBXBuildFile; fileRef = 402EB5761E755B47007CCCFD /* AppDelegate.swift */; };
		402EB5791E755B47007CCCFD /* ViewController.swift in Sources */ = {isa = PBXBuildFile; fileRef = 402EB5781E755B47007CCCFD /* ViewController.swift */; };
		402EB57C1E755B47007CCCFD /* Main.storyboard in Resources */ = {isa = PBXBuildFile; fileRef = 402EB57A1E755B47007CCCFD /* Main.storyboard */; };
		402EB57E1E755B47007CCCFD /* Assets.xcassets in Resources */ = {isa = PBXBuildFile; fileRef = 402EB57D1E755B47007CCCFD /* Assets.xcassets */; };
		402EB5811E755B47007CCCFD /* LaunchScreen.storyboard in Resources */ = {isa = PBXBuildFile; fileRef = 402EB57F1E755B47007CCCFD /* LaunchScreen.storyboard */; };
		402EB58A1E755BFF007CCCFD /* FaceView.swift in Sources */ = {isa = PBXBuildFile; fileRef = 402EB5891E755BFF007CCCFD /* FaceView.swift */; };
		40DCA8E51EDA0ADD00F1528E /* FacialExpression.swift in Sources */ = {isa = PBXBuildFile; fileRef = 40DCA8E41EDA0ADD00F1528E /* FacialExpression.swift */; };
/* End PBXBuildFile section */

/* Begin PBXFileReference section */
		402EB5731E755B47007CCCFD /* Faceit.app */ = {isa = PBXFileReference; explicitFileType = wrapper.application; includeInIndex = 0; path = Faceit.app; sourceTree = BUILT_PRODUCTS_DIR; };
		402EB5761E755B47007CCCFD /* AppDelegate.swift */ = {isa = PBXFileReference; lastKnownFileType = sourcecode.swift; path = AppDelegate.swift; sourceTree = "<group>"; };
		402EB5781E755B47007CCCFD /* ViewController.swift */ = {isa = PBXFileReference; lastKnownFileType = sourcecode.swift; path = ViewController.swift; sourceTree = "<group>"; };
		402EB57B1E755B47007CCCFD /* Base */ = {isa = PBXFileReference; lastKnownFileType = file.storyboard; name = Base; path = Base.lproj/Main.storyboard; sourceTree = "<group>"; };
		402EB57D1E755B47007CCCFD /* Assets.xcassets */ = {isa = PBXFileReference; lastKnownFileType = folder.assetcatalog; path = Assets.xcassets; sourceTree = "<group>"; };
		402EB5801E755B47007CCCFD /* Base */ = {isa = PBXFileReference; lastKnownFileType = file.storyboard; name = Base; path = Base.lproj/LaunchScreen.storyboard; sourceTree = "<group>"; };
		402EB5821E755B47007CCCFD /* Info.plist */ = {isa = PBXFileReference; lastKnownFileType = text.plist.xml; path = Info.plist; sourceTree = "<group>"; };
		402EB5891E755BFF007CCCFD /* FaceView.swift */ = {isa = PBXFileReference; fileEncoding = 4; lastKnownFileType = sourcecode.swift; path = FaceView.swift; sourceTree = "<group>"; };
		40DCA8E41EDA0ADD00F1528E /* FacialExpression.swift */ = {isa = PBXFileReference; fileEncoding = 4; lastKnownFileType = sourcecode.swift; path = FacialExpression.swift; sourceTree = "<group>"; };
/* End PBXFileReference section */

/* Begin PBXFrameworksBuildPhase section */
		402EB5701E755B47007CCCFD /* Frameworks */ = {
			isa = PBXFrameworksBuildPhase;
			buildActionMask = 2147483647;
			files = (
			);
			runOnlyForDeploymentPostprocessing = 0;
		};
/* End PBXFrameworksBuildPhase section */

/* Begin PBXGroup section */
		402EB56A1E755B47007CCCFD = {
			isa = PBXGroup;
			children = (
				402EB5751E755B47007CCCFD /* Faceit */,
				402EB5741E755B47007CCCFD /* Products */,
			);
			sourceTree = "<group>";
		};
		402EB5741E755B47007CCCFD /* Products */ = {
			isa = PBXGroup;
			children = (
				402EB5731E755B47007CCCFD /* Faceit.app */,
			);
			name = Products;
			sourceTree = "<group>";
		};
		402EB5751E755B47007CCCFD /* Faceit */ = {
			isa = PBXGroup;
			children = (
				402EB5881E755BA3007CCCFD /* Supporting Files */,
				402EB5781E755B47007CCCFD /* ViewController.swift */,
				402EB5891E755BFF007CCCFD /* FaceView.swift */,
				402EB57A1E755B47007CCCFD /* Main.storyboard */,
				40DCA8E41EDA0ADD00F1528E /* FacialExpression.swift */,
			);
			path = Faceit;
			sourceTree = "<group>";
		};
		402EB5881E755BA3007CCCFD /* Supporting Files */ = {
			isa = PBXGroup;
			children = (
				402EB5761E755B47007CCCFD /* AppDelegate.swift */,
				402EB57D1E755B47007CCCFD /* Assets.xcassets */,
				402EB57F1E755B47007CCCFD /* LaunchScreen.storyboard */,
				402EB5821E755B47007CCCFD /* Info.plist */,
			);
			name = "Supporting Files";
			sourceTree = "<group>";
		};
/* End PBXGroup section */

/* Begin PBXNativeTarget section */
		402EB5721E755B47007CCCFD /* Faceit */ = {
			isa = PBXNativeTarget;
			buildConfigurationList = 402EB5851E755B47007CCCFD /* Build configuration list for PBXNativeTarget "Faceit" */;
			buildPhases = (
				402EB56F1E755B47007CCCFD /* Sources */,
				402EB5701E755B47007CCCFD /* Frameworks */,
				402EB5711E755B47007CCCFD /* Resources */,
			);
			buildRules = (
			);
			dependencies = (
			);
			name = Faceit;
			productName = Faceit;
			productReference = 402EB5731E755B47007CCCFD /* Faceit.app */;
			productType = "com.apple.product-type.application";
		};
/* End PBXNativeTarget section */

/* Begin PBXProject section */
		402EB56B1E755B47007CCCFD /* Project object */ = {
			isa = PBXProject;
			attributes = {
				LastSwiftUpdateCheck = 0820;
				LastUpgradeCheck = 0900;
				ORGANIZATIONNAME = "Cristian Lucania";
				TargetAttributes = {
					402EB5721E755B47007CCCFD = {
						CreatedOnToolsVersion = 8.2.1;
						DevelopmentTeam = VQU9WNSE68;
						LastSwiftMigration = 0920;
						ProvisioningStyle = Automatic;
					};
				};
			};
			buildConfigurationList = 402EB56E1E755B47007CCCFD /* Build configuration list for PBXProject "Faceit" */;
			compatibilityVersion = "Xcode 3.2";
			developmentRegion = English;
			hasScannedForEncodings = 0;
			knownRegions = (
				en,
				Base,
			);
			mainGroup = 402EB56A1E755B47007CCCFD;
			productRefGroup = 402EB5741E755B47007CCCFD /* Products */;
			projectDirPath = "";
			projectRoot = "";
			targets = (
				402EB5721E755B47007CCCFD /* Faceit */,
			);
		};
/* End PBXProject section */

/* Begin PBXResourcesBuildPhase section */
		402EB5711E755B47007CCCFD /* Resources */ = {
			isa = PBXResourcesBuildPhase;
			buildActionMask = 2147483647;
			files = (
				402EB5811E755B47007CCCFD /* LaunchScreen.storyboard in Resources */,
				402EB57E1E755B47007CCCFD /* Assets.xcassets in Resources */,
				402EB57C1E755B47007CCCFD /* Main.storyboard in Resources */,
			);
			runOnlyForDeploymentPostprocessing = 0;
		};
/* End PBXResourcesBuildPhase section */

/* Begin PBXSourcesBuildPhase section */
		402EB56F1E755B47007CCCFD /* Sources */ = {
			isa = PBXSourcesBuildPhase;
			buildActionMask = 2147483647;
			files = (
				402EB5791E755B47007CCCFD /* ViewController.swift in Sources */,
				40DCA8E51EDA0ADD00F1528E /* FacialExpression.swift in Sources */,
				402EB5771E755B47007CCCFD /* AppDelegate.swift in Sources */,
				402EB58A1E755BFF007CCCFD /* FaceView.swift in Sources */,
			);
			runOnlyForDeploymentPostprocessing = 0;
		};
/* End PBXSourcesBuildPhase section */

/* Begin PBXVariantGroup section */
		402EB57A1E755B47007CCCFD /* Main.storyboard */ = {
			isa = PBXVariantGroup;
			children = (
				402EB57B1E755B47007CCCFD /* Base */,
			);
			name = Main.storyboard;
			sourceTree = "<group>";
		};
		402EB57F1E755B47007CCCFD /* LaunchScreen.storyboard */ = {
			isa = PBXVariantGroup;
			children = (
				402EB5801E755B47007CCCFD /* Base */,
			);
			name = LaunchScreen.storyboard;
			sourceTree = "<group>";
		};
/* End PBXVariantGroup section */

/* Begin XCBuildConfiguration section */
		402EB5831E755B47007CCCFD /* Debug */ = {
			isa = XCBuildConfiguration;
			buildSettings = {
				ALWAYS_SEARCH_USER_PATHS = NO;
				CLANG_ANALYZER_NONNULL = YES;
				CLANG_CXX_LANGUAGE_STANDARD = "gnu++0x";
				CLANG_CXX_LIBRARY = "libc++";
				CLANG_ENABLE_MODULES = YES;
				CLANG_ENABLE_OBJC_ARC = YES;
				CLANG_WARN_BLOCK_CAPTURE_AUTORELEASING = YES;
				CLANG_WARN_BOOL_CONVERSION = YES;
				CLANG_WARN_COMMA = YES;
				CLANG_WARN_CONSTANT_CONVERSION = YES;
				CLANG_WARN_DIRECT_OBJC_ISA_USAGE = YES_ERROR;
				CLANG_WARN_DOCUMENTATION_COMMENTS = YES;
				CLANG_WARN_EMPTY_BODY = YES;
				CLANG_WARN_ENUM_CONVERSION = YES;
				CLANG_WARN_INFINITE_RECURSION = YES;
				CLANG_WARN_INT_CONVERSION = YES;
				CLANG_WARN_NON_LITERAL_NULL_CONVERSION = YES;
				CLANG_WARN_OBJC_LITERAL_CONVERSION = YES;
				CLANG_WARN_OBJC_ROOT_CLASS = YES_ERROR;
				CLANG_WARN_RANGE_LOOP_ANALYSIS = YES;
				CLANG_WARN_STRICT_PROTOTYPES = YES;
				CLANG_WARN_SUSPICIOUS_MOVE = YES;
				CLANG_WARN_UNREACHABLE_CODE = YES;
				CLANG_WARN__DUPLICATE_METHOD_MATCH = YES;
				"CODE_SIGN_IDENTITY[sdk=iphoneos*]" = "iPhone Developer";
				COPY_PHASE_STRIP = NO;
				DEBUG_INFORMATION_FORMAT = dwarf;
				ENABLE_STRICT_OBJC_MSGSEND = YES;
				ENABLE_TESTABILITY = YES;
				GCC_C_LANGUAGE_STANDARD = gnu99;
				GCC_DYNAMIC_NO_PIC = NO;
				GCC_NO_COMMON_BLOCKS = YES;
				GCC_OPTIMIZATION_LEVEL = 0;
				GCC_PREPROCESSOR_DEFINITIONS = (
					"DEBUG=1",
					"$(inherited)",
				);
				GCC_WARN_64_TO_32_BIT_CONVERSION = YES;
				GCC_WARN_ABOUT_RETURN_TYPE = YES_ERROR;
				GCC_WARN_UNDECLARED_SELECTOR = YES;
				GCC_WARN_UNINITIALIZED_AUTOS = YES_AGGRESSIVE;
				GCC_WARN_UNUSED_FUNCTION = YES;
				GCC_WARN_UNUSED_VARIABLE = YES;
				IPHONEOS_DEPLOYMENT_TARGET = 10.2;
				MTL_ENABLE_DEBUG_INFO = YES;
				ONLY_ACTIVE_ARCH = YES;
				SDKROOT = iphoneos;
				SWIFT_ACTIVE_COMPILATION_CONDITIONS = DEBUG;
				SWIFT_OPTIMIZATION_LEVEL = "-Onone";
				TARGETED_DEVICE_FAMILY = "1,2";
			};
			name = Debug;
		};
		402EB5841E755B47007CCCFD /* Release */ = {
			isa = XCBuildConfiguration;
			buildSettings = {
				ALWAYS_SEARCH_USER_PATHS = NO;
				CLANG_ANALYZER_NONNULL = YES;
				CLANG_CXX_LANGUAGE_STANDARD = "gnu++0x";
				CLANG_CXX_LIBRARY = "libc++";
				CLANG_ENABLE_MODULES = YES;
				CLANG_ENABLE_OBJC_ARC = YES;
				CLANG_WARN_BLOCK_CAPTURE_AUTORELEASING = YES;
				CLANG_WARN_BOOL_CONVERSION = YES;
				CLANG_WARN_COMMA = YES;
				CLANG_WARN_CONSTANT_CONVERSION = YES;
				CLANG_WARN_DIRECT_OBJC_ISA_USAGE = YES_ERROR;
				CLANG_WARN_DOCUMENTATION_COMMENTS = YES;
				CLANG_WARN_EMPTY_BODY = YES;
				CLANG_WARN_ENUM_CONVERSION = YES;
				CLANG_WARN_INFINITE_RECURSION = YES;
				CLANG_WARN_INT_CONVERSION = YES;
				CLANG_WARN_NON_LITERAL_NULL_CONVERSION = YES;
				CLANG_WARN_OBJC_LITERAL_CONVERSION = YES;
				CLANG_WARN_OBJC_ROOT_CLASS = YES_ERROR;
				CLANG_WARN_RANGE_LOOP_ANALYSIS = YES;
				CLANG_WARN_STRICT_PROTOTYPES = YES;
				CLANG_WARN_SUSPICIOUS_MOVE = YES;
				CLANG_WARN_UNREACHABLE_CODE = YES;
				CLANG_WARN__DUPLICATE_METHOD_MATCH = YES;
				"CODE_SIGN_IDENTITY[sdk=iphoneos*]" = "iPhone Developer";
				COPY_PHASE_STRIP = NO;
				DEBUG_INFORMATION_FORMAT = "dwarf-with-dsym";
				ENABLE_NS_ASSERTIONS = NO;
				ENABLE_STRICT_OBJC_MSGSEND = YES;
				GCC_C_LANGUAGE_STANDARD = gnu99;
				GCC_NO_COMMON_BLOCKS = YES;
				GCC_WARN_64_TO_32_BIT_CONVERSION = YES;
				GCC_WARN_ABOUT_RETURN_TYPE = YES_ERROR;
				GCC_WARN_UNDECLARED_SELECTOR = YES;
				GCC_WARN_UNINITIALIZED_AUTOS = YES_AGGRESSIVE;
				GCC_WARN_UNUSED_FUNCTION = YES;
				GCC_WARN_UNUSED_VARIABLE = YES;
				IPHONEOS_DEPLOYMENT_TARGET = 10.2;
				MTL_ENABLE_DEBUG_INFO = NO;
				SDKROOT = iphoneos;
				SWIFT_OPTIMIZATION_LEVEL = "-Owholemodule";
				TARGETED_DEVICE_FAMILY = "1,2";
				VALIDATE_PRODUCT = YES;
			};
			name = Release;
		};
		402EB5861E755B47007CCCFD /* Debug */ = {
			isa = XCBuildConfiguration;
			buildSettings = {
				ASSETCATALOG_COMPILER_APPICON_NAME = AppIcon;
				DEVELOPMENT_TEAM = VQU9WNSE68;
				INFOPLIST_FILE = Faceit/Info.plist;
				LD_RUNPATH_SEARCH_PATHS = "$(inherited) @executable_path/Frameworks";
				PRODUCT_BUNDLE_IDENTIFIER = CLS.Faceit;
				PRODUCT_NAME = "$(TARGET_NAME)";
				SWIFT_SWIFT3_OBJC_INFERENCE = Default;
				SWIFT_VERSION = 4.0;
			};
			name = Debug;
		};
		402EB5871E755B47007CCCFD /* Release */ = {
			isa = XCBuildConfiguration;
			buildSettings = {
				ASSETCATALOG_COMPILER_APPICON_NAME = AppIcon;
				DEVELOPMENT_TEAM = VQU9WNSE68;
				INFOPLIST_FILE = Faceit/Info.plist;
				LD_RUNPATH_SEARCH_PATHS = "$(inherited) @executable_path/Frameworks";
				PRODUCT_BUNDLE_IDENTIFIER = CLS.Faceit;
				PRODUCT_NAME = "$(TARGET_NAME)";
				SWIFT_SWIFT3_OBJC_INFERENCE = Default;
				SWIFT_VERSION = 4.0;
			};
			name = Release;
		};
/* End XCBuildConfiguration section */

/* Begin XCConfigurationList section */
		402EB56E1E755B47007CCCFD /* Build configuration list for PBXProject "Faceit" */ = {
			isa = XCConfigurationList;
			buildConfigurations = (
				402EB5831E755B47007CCCFD /* Debug */,
				402EB5841E755B47007CCCFD /* Release */,
			);
			defaultConfigurationIsVisible = 0;
			defaultConfigurationName = Release;
		};
		402EB5851E755B47007CCCFD /* Build configuration list for PBXNativeTarget "Faceit" */ = {
			isa = XCConfigurationList;
			buildConfigurations = (
				402EB5861E755B47007CCCFD /* Debug */,
				402EB5871E755B47007CCCFD /* Release */,
			);
			defaultConfigurationIsVisible = 0;
			defaultConfigurationName = Release;
		};
/* End XCConfigurationList section */
	};
	rootObject = 402EB56B1E755B47007CCCFD /* Project object */;
}
